
Microsoft Visual Studio Solution File, Format Version 12.00
# Visual Studio Version 16
VisualStudioVersion = 16.0.31911.196
MinimumVisualStudioVersion = 10.0.40219.1
Project("{FAE04EC0-301F-11D3-BF4B-00C04F79EFBC}") = "Delegate_SimpleExample", "Delegate_SimpleExample\Delegate_SimpleExample.csproj", "{CFE0BC94-C08C-43A0-AA28-E422B1BAD1D1}"
EndProject
Global
	GlobalSection(SolutionConfigurationPlatforms) = preSolution
		Debug|Any CPU = Debug|Any CPU
		Release|Any CPU = Release|Any CPU
	EndGlobalSection
	GlobalSection(ProjectConfigurationPlatforms) = postSolution
		{CFE0BC94-C08C-43A0-AA28-E422B1BAD1D1}.Debug|Any CPU.ActiveCfg = Debug|Any CPU
		{CFE0BC94-C08C-43A0-AA28-E422B1BAD1D1}.Debug|Any CPU.Build.0 = Debug|Any CPU
		{CFE0BC94-C08C-43A0-AA28-E422B1BAD1D1}.Release|Any CPU.ActiveCfg = Release|Any CPU
		{CFE0BC94-C08C-43A0-AA28-E422B1BAD1D1}.Release|Any CPU.Build.0 = Release|Any CPU
	EndGlobalSection
	GlobalSection(SolutionProperties) = preSolution
		HideSolutionNode = FALSE
	EndGlobalSection
	GlobalSection(ExtensibilityGlobals) = postSolution
		SolutionGuid = {3A8633FD-A841-4669-A7FD-AAD0F9927472}
	EndGlobalSection
EndGlobal
