
Microsoft Visual Studio Solution File, Format Version 12.00
# Visual Studio Version 17
VisualStudioVersion = 17.4.33110.190
MinimumVisualStudioVersion = 10.0.40219.1
Project("{FAE04EC0-301F-11D3-BF4B-00C04F79EFBC}") = "Function_Delegate", "Function_Delegate.csproj", "{4CD1136F-1233-4836-AFB8-22092A4B5120}"
EndProject
Global
	GlobalSection(SolutionConfigurationPlatforms) = preSolution
		Debug|Any CPU = Debug|Any CPU
		Release|Any CPU = Release|Any CPU
	EndGlobalSection
	GlobalSection(ProjectConfigurationPlatforms) = postSolution
		{4CD1136F-1233-4836-AFB8-22092A4B5120}.Debug|Any CPU.ActiveCfg = Debug|Any CPU
		{4CD1136F-1233-4836-AFB8-22092A4B5120}.Debug|Any CPU.Build.0 = Debug|Any CPU
		{4CD1136F-1233-4836-AFB8-22092A4B5120}.Release|Any CPU.ActiveCfg = Release|Any CPU
		{4CD1136F-1233-4836-AFB8-22092A4B5120}.Release|Any CPU.Build.0 = Release|Any CPU
	EndGlobalSection
	GlobalSection(SolutionProperties) = preSolution
		HideSolutionNode = FALSE
	EndGlobalSection
	GlobalSection(ExtensibilityGlobals) = postSolution
		SolutionGuid = {1147258A-4138-406A-8898-A0DD294C348D}
	EndGlobalSection
EndGlobal
