
Microsoft Visual Studio Solution File, Format Version 12.00
# Visual Studio Version 17
VisualStudioVersion = 17.4.33110.190
MinimumVisualStudioVersion = 10.0.40219.1
Project("{FAE04EC0-301F-11D3-BF4B-00C04F79EFBC}") = "Lamda_Example3", "Lamda_Example3.csproj", "{03F99A05-FB4E-498A-8A06-9E04C2CFD109}"
EndProject
Global
	GlobalSection(SolutionConfigurationPlatforms) = preSolution
		Debug|Any CPU = Debug|Any CPU
		Release|Any CPU = Release|Any CPU
	EndGlobalSection
	GlobalSection(ProjectConfigurationPlatforms) = postSolution
		{03F99A05-FB4E-498A-8A06-9E04C2CFD109}.Debug|Any CPU.ActiveCfg = Debug|Any CPU
		{03F99A05-FB4E-498A-8A06-9E04C2CFD109}.Debug|Any CPU.Build.0 = Debug|Any CPU
		{03F99A05-FB4E-498A-8A06-9E04C2CFD109}.Release|Any CPU.ActiveCfg = Release|Any CPU
		{03F99A05-FB4E-498A-8A06-9E04C2CFD109}.Release|Any CPU.Build.0 = Release|Any CPU
	EndGlobalSection
	GlobalSection(SolutionProperties) = preSolution
		HideSolutionNode = FALSE
	EndGlobalSection
	GlobalSection(ExtensibilityGlobals) = postSolution
		SolutionGuid = {2938B17F-3BF0-4ADC-89F4-9E164DA2BC5F}
	EndGlobalSection
EndGlobal
